// !$*UTF8*$!
{
	archiveVersion = 1;
	classes = {
	};
	objectVersion = 48;
	objects = {

/* Begin PBXBuildFile section */
		8A715C833D3D261793D8DB81 /* Pods_Project_TradukiEditor.framework in Frameworks */ = {isa = PBXBuildFile; fileRef = DD4EC071893131DC9918AB1E /* Pods_Project_TradukiEditor.framework */; };
		F34AC8F01FBAAB01009CE7E8 /* AppDelegate.swift in Sources */ = {isa = PBXBuildFile; fileRef = F38D071F1FB18B680061B097 /* AppDelegate.swift */; };
		F34AC8F61FBAB2D3009CE7E8 /* Configuration.swift in Sources */ = {isa = PBXBuildFile; fileRef = F38D073D1FB18BF80061B097 /* Configuration.swift */; };
		F34AC8F71FBAB2D3009CE7E8 /* JSONReader.swift in Sources */ = {isa = PBXBuildFile; fileRef = F38D073E1FB18BF80061B097 /* JSONReader.swift */; };
		F34AC8F81FBAB2D3009CE7E8 /* JSONWriter.swift in Sources */ = {isa = PBXBuildFile; fileRef = F38D073F1FB18BF80061B097 /* JSONWriter.swift */; };
		F34AC8F91FBAB2D3009CE7E8 /* KeyNode.swift in Sources */ = {isa = PBXBuildFile; fileRef = F38D07401FB18BF80061B097 /* KeyNode.swift */; };
		F34AC8FA1FBAB2D3009CE7E8 /* Protocols.swift in Sources */ = {isa = PBXBuildFile; fileRef = F38D07411FB18BF80061B097 /* Protocols.swift */; };
		F34AC8FB1FBAB2D3009CE7E8 /* SwiftParser.swift in Sources */ = {isa = PBXBuildFile; fileRef = F38D07421FB18BF80061B097 /* SwiftParser.swift */; };
		F34AC8FC1FBAB2D3009CE7E8 /* Traduki.swift in Sources */ = {isa = PBXBuildFile; fileRef = F38D07431FB18BF80061B097 /* Traduki.swift */; };
		F34AC8FD1FBAB2D3009CE7E8 /* Translation.swift in Sources */ = {isa = PBXBuildFile; fileRef = F38D07441FB18BF80061B097 /* Translation.swift */; };
		F34AC8FE1FBAB2D3009CE7E8 /* ProjectManager.swift in Sources */ = {isa = PBXBuildFile; fileRef = F38D07461FB18BF80061B097 /* ProjectManager.swift */; };
		F38D07221FB18B680061B097 /* ViewController.swift in Sources */ = {isa = PBXBuildFile; fileRef = F38D07211FB18B680061B097 /* ViewController.swift */; };
		F38D07241FB18B680061B097 /* Document.swift in Sources */ = {isa = PBXBuildFile; fileRef = F38D07231FB18B680061B097 /* Document.swift */; };
		F38D07261FB18B680061B097 /* Assets.xcassets in Resources */ = {isa = PBXBuildFile; fileRef = F38D07251FB18B680061B097 /* Assets.xcassets */; };
		F38D07291FB18B680061B097 /* Main.storyboard in Resources */ = {isa = PBXBuildFile; fileRef = F38D07271FB18B680061B097 /* Main.storyboard */; };
/* End PBXBuildFile section */

/* Begin PBXCopyFilesBuildPhase section */
		F34AC8F51FBAB260009CE7E8 /* Embed Frameworks */ = {
			isa = PBXCopyFilesBuildPhase;
			buildActionMask = 2147483647;
			dstPath = "";
			dstSubfolderSpec = 10;
			files = (
			);
			name = "Embed Frameworks";
			runOnlyForDeploymentPostprocessing = 0;
		};
/* End PBXCopyFilesBuildPhase section */

/* Begin PBXFileReference section */
		24BFC25495E314EC713D75F7 /* Pods-Project-TradukiEditor.debug.xcconfig */ = {isa = PBXFileReference; includeInIndex = 1; lastKnownFileType = text.xcconfig; name = "Pods-Project-TradukiEditor.debug.xcconfig"; path = "Pods/Target Support Files/Pods-Project-TradukiEditor/Pods-Project-TradukiEditor.debug.xcconfig"; sourceTree = "<group>"; };
		33CAFF4787A1F1FCB64DD711 /* Pods-Project-Traduki.release.xcconfig */ = {isa = PBXFileReference; includeInIndex = 1; lastKnownFileType = text.xcconfig; name = "Pods-Project-Traduki.release.xcconfig"; path = "Pods/Target Support Files/Pods-Project-Traduki/Pods-Project-Traduki.release.xcconfig"; sourceTree = "<group>"; };
		37DED5A3B78CFD2CFBD026D0 /* Pods-Project-Traduki-Static.release.xcconfig */ = {isa = PBXFileReference; includeInIndex = 1; lastKnownFileType = text.xcconfig; name = "Pods-Project-Traduki-Static.release.xcconfig"; path = "Pods/Target Support Files/Pods-Project-Traduki-Static/Pods-Project-Traduki-Static.release.xcconfig"; sourceTree = "<group>"; };
		5210DBB8938CCB3270CA5C87 /* Pods-Project-TradukiEditor.release.xcconfig */ = {isa = PBXFileReference; includeInIndex = 1; lastKnownFileType = text.xcconfig; name = "Pods-Project-TradukiEditor.release.xcconfig"; path = "Pods/Target Support Files/Pods-Project-TradukiEditor/Pods-Project-TradukiEditor.release.xcconfig"; sourceTree = "<group>"; };
		6A97F9DEB5C146C9056AA90A /* Pods_Project_Traduki_Static.framework */ = {isa = PBXFileReference; explicitFileType = wrapper.framework; includeInIndex = 0; path = Pods_Project_Traduki_Static.framework; sourceTree = BUILT_PRODUCTS_DIR; };
		81EFD3E8BA9EC8C8EAE61C79 /* Pods-Project-Traduki.debug.xcconfig */ = {isa = PBXFileReference; includeInIndex = 1; lastKnownFileType = text.xcconfig; name = "Pods-Project-Traduki.debug.xcconfig"; path = "Pods/Target Support Files/Pods-Project-Traduki/Pods-Project-Traduki.debug.xcconfig"; sourceTree = "<group>"; };
		A52ECEE464E59103C6A7EDBC /* Pods-Project-Traduki-Static.debug.xcconfig */ = {isa = PBXFileReference; includeInIndex = 1; lastKnownFileType = text.xcconfig; name = "Pods-Project-Traduki-Static.debug.xcconfig"; path = "Pods/Target Support Files/Pods-Project-Traduki-Static/Pods-Project-Traduki-Static.debug.xcconfig"; sourceTree = "<group>"; };
		ACFE8135681D0F3E13D92D36 /* Pods_Project_Traduki.framework */ = {isa = PBXFileReference; explicitFileType = wrapper.framework; includeInIndex = 0; path = Pods_Project_Traduki.framework; sourceTree = BUILT_PRODUCTS_DIR; };
		DD4EC071893131DC9918AB1E /* Pods_Project_TradukiEditor.framework */ = {isa = PBXFileReference; explicitFileType = wrapper.framework; includeInIndex = 0; path = Pods_Project_TradukiEditor.framework; sourceTree = BUILT_PRODUCTS_DIR; };
		F38D071C1FB18B680061B097 /* TradukiEditor.app */ = {isa = PBXFileReference; explicitFileType = wrapper.application; includeInIndex = 0; path = TradukiEditor.app; sourceTree = BUILT_PRODUCTS_DIR; };
		F38D071F1FB18B680061B097 /* AppDelegate.swift */ = {isa = PBXFileReference; lastKnownFileType = sourcecode.swift; path = AppDelegate.swift; sourceTree = "<group>"; };
		F38D07211FB18B680061B097 /* ViewController.swift */ = {isa = PBXFileReference; lastKnownFileType = sourcecode.swift; path = ViewController.swift; sourceTree = "<group>"; };
		F38D07231FB18B680061B097 /* Document.swift */ = {isa = PBXFileReference; lastKnownFileType = sourcecode.swift; path = Document.swift; sourceTree = "<group>"; };
		F38D07251FB18B680061B097 /* Assets.xcassets */ = {isa = PBXFileReference; lastKnownFileType = folder.assetcatalog; path = Assets.xcassets; sourceTree = "<group>"; };
		F38D07281FB18B680061B097 /* Base */ = {isa = PBXFileReference; lastKnownFileType = file.storyboard; name = Base; path = Base.lproj/Main.storyboard; sourceTree = "<group>"; };
		F38D072A1FB18B680061B097 /* Info.plist */ = {isa = PBXFileReference; lastKnownFileType = text.plist.xml; path = Info.plist; sourceTree = "<group>"; };
		F38D072B1FB18B680061B097 /* TradukiEditor.entitlements */ = {isa = PBXFileReference; lastKnownFileType = text.plist.entitlements; path = TradukiEditor.entitlements; sourceTree = "<group>"; };
		F38D073D1FB18BF80061B097 /* Configuration.swift */ = {isa = PBXFileReference; fileEncoding = 4; lastKnownFileType = sourcecode.swift; path = Configuration.swift; sourceTree = "<group>"; };
		F38D073E1FB18BF80061B097 /* JSONReader.swift */ = {isa = PBXFileReference; fileEncoding = 4; lastKnownFileType = sourcecode.swift; path = JSONReader.swift; sourceTree = "<group>"; };
		F38D073F1FB18BF80061B097 /* JSONWriter.swift */ = {isa = PBXFileReference; fileEncoding = 4; lastKnownFileType = sourcecode.swift; path = JSONWriter.swift; sourceTree = "<group>"; };
		F38D07401FB18BF80061B097 /* KeyNode.swift */ = {isa = PBXFileReference; fileEncoding = 4; lastKnownFileType = sourcecode.swift; path = KeyNode.swift; sourceTree = "<group>"; };
		F38D07411FB18BF80061B097 /* Protocols.swift */ = {isa = PBXFileReference; fileEncoding = 4; lastKnownFileType = sourcecode.swift; path = Protocols.swift; sourceTree = "<group>"; };
		F38D07421FB18BF80061B097 /* SwiftParser.swift */ = {isa = PBXFileReference; fileEncoding = 4; lastKnownFileType = sourcecode.swift; path = SwiftParser.swift; sourceTree = "<group>"; };
		F38D07431FB18BF80061B097 /* Traduki.swift */ = {isa = PBXFileReference; fileEncoding = 4; lastKnownFileType = sourcecode.swift; path = Traduki.swift; sourceTree = "<group>"; };
		F38D07441FB18BF80061B097 /* Translation.swift */ = {isa = PBXFileReference; fileEncoding = 4; lastKnownFileType = sourcecode.swift; path = Translation.swift; sourceTree = "<group>"; };
		F38D07461FB18BF80061B097 /* ProjectManager.swift */ = {isa = PBXFileReference; fileEncoding = 4; lastKnownFileType = sourcecode.swift; path = ProjectManager.swift; sourceTree = "<group>"; };
/* End PBXFileReference section */

/* Begin PBXFrameworksBuildPhase section */
		F38D07191FB18B680061B097 /* Frameworks */ = {
			isa = PBXFrameworksBuildPhase;
			buildActionMask = 2147483647;
			files = (
				8A715C833D3D261793D8DB81 /* Pods_Project_TradukiEditor.framework in Frameworks */,
			);
			runOnlyForDeploymentPostprocessing = 0;
		};
/* End PBXFrameworksBuildPhase section */

/* Begin PBXGroup section */
		0AE490675680CA79296A6F46 /* Pods */ = {
			isa = PBXGroup;
			children = (
				24BFC25495E314EC713D75F7 /* Pods-Project-TradukiEditor.debug.xcconfig */,
				5210DBB8938CCB3270CA5C87 /* Pods-Project-TradukiEditor.release.xcconfig */,
				A52ECEE464E59103C6A7EDBC /* Pods-Project-Traduki-Static.debug.xcconfig */,
				37DED5A3B78CFD2CFBD026D0 /* Pods-Project-Traduki-Static.release.xcconfig */,
				81EFD3E8BA9EC8C8EAE61C79 /* Pods-Project-Traduki.debug.xcconfig */,
				33CAFF4787A1F1FCB64DD711 /* Pods-Project-Traduki.release.xcconfig */,
			);
			name = Pods;
			sourceTree = "<group>";
		};
		0EB23DA39B19CDA1A357B8DB /* Frameworks */ = {
			isa = PBXGroup;
			children = (
				ACFE8135681D0F3E13D92D36 /* Pods_Project_Traduki.framework */,
				DD4EC071893131DC9918AB1E /* Pods_Project_TradukiEditor.framework */,
				6A97F9DEB5C146C9056AA90A /* Pods_Project_Traduki_Static.framework */,
			);
			name = Frameworks;
			sourceTree = "<group>";
		};
		F38D07131FB18B680061B097 = {
			isa = PBXGroup;
			children = (
				F38D071E1FB18B680061B097 /* TradukiEditor */,
				F3989D851FBA9F8A0083D5DB /* Traduki */,
				F38D071D1FB18B680061B097 /* Products */,
				0AE490675680CA79296A6F46 /* Pods */,
				0EB23DA39B19CDA1A357B8DB /* Frameworks */,
			);
			sourceTree = "<group>";
		};
		F38D071D1FB18B680061B097 /* Products */ = {
			isa = PBXGroup;
			children = (
				F38D071C1FB18B680061B097 /* TradukiEditor.app */,
			);
			name = Products;
			sourceTree = "<group>";
		};
		F38D071E1FB18B680061B097 /* TradukiEditor */ = {
			isa = PBXGroup;
			children = (
				F38D071F1FB18B680061B097 /* AppDelegate.swift */,
				F38D07211FB18B680061B097 /* ViewController.swift */,
				F38D07231FB18B680061B097 /* Document.swift */,
				F38D07251FB18B680061B097 /* Assets.xcassets */,
				F38D07271FB18B680061B097 /* Main.storyboard */,
				F38D072A1FB18B680061B097 /* Info.plist */,
				F38D072B1FB18B680061B097 /* TradukiEditor.entitlements */,
			);
			path = TradukiEditor;
			sourceTree = "<group>";
		};
		F38D073C1FB18BF80061B097 /* Core */ = {
			isa = PBXGroup;
			children = (
				F38D073D1FB18BF80061B097 /* Configuration.swift */,
				F38D073E1FB18BF80061B097 /* JSONReader.swift */,
				F38D073F1FB18BF80061B097 /* JSONWriter.swift */,
				F38D07401FB18BF80061B097 /* KeyNode.swift */,
				F38D07411FB18BF80061B097 /* Protocols.swift */,
				F38D07421FB18BF80061B097 /* SwiftParser.swift */,
				F38D07431FB18BF80061B097 /* Traduki.swift */,
				F38D07441FB18BF80061B097 /* Translation.swift */,
			);
			path = Core;
			sourceTree = "<group>";
		};
		F38D07451FB18BF80061B097 /* Project */ = {
			isa = PBXGroup;
			children = (
				F38D07461FB18BF80061B097 /* ProjectManager.swift */,
			);
			path = Project;
			sourceTree = "<group>";
		};
		F3989D851FBA9F8A0083D5DB /* Traduki */ = {
			isa = PBXGroup;
			children = (
				F38D073C1FB18BF80061B097 /* Core */,
				F38D07451FB18BF80061B097 /* Project */,
			);
			path = Traduki;
			sourceTree = "<group>";
		};
/* End PBXGroup section */

/* Begin PBXNativeTarget section */
		F38D071B1FB18B680061B097 /* TradukiEditor */ = {
			isa = PBXNativeTarget;
			buildConfigurationList = F38D072E1FB18B680061B097 /* Build configuration list for PBXNativeTarget "TradukiEditor" */;
			buildPhases = (
				755AEBA917DCA12F1F68EDB1 /* [CP] Check Pods Manifest.lock */,
				F38D07181FB18B680061B097 /* Sources */,
				F38D07191FB18B680061B097 /* Frameworks */,
				F38D071A1FB18B680061B097 /* Resources */,
				1FB422B9F89BE1688347427B /* [CP] Embed Pods Frameworks */,
				2478B0EF3BDD6B66C68A9FA2 /* [CP] Copy Pods Resources */,
				F34AC8F51FBAB260009CE7E8 /* Embed Frameworks */,
			);
			buildRules = (
			);
			dependencies = (
			);
			name = TradukiEditor;
			productName = TradukiEditor;
			productReference = F38D071C1FB18B680061B097 /* TradukiEditor.app */;
			productType = "com.apple.product-type.application";
		};
/* End PBXNativeTarget section */

/* Begin PBXProject section */
		F38D07141FB18B680061B097 /* Project object */ = {
			isa = PBXProject;
			attributes = {
				LastSwiftUpdateCheck = 0910;
				LastUpgradeCheck = 0910;
				ORGANIZATIONNAME = "Vergil Choi";
				TargetAttributes = {
					F38D071B1FB18B680061B097 = {
						CreatedOnToolsVersion = 9.1;
						ProvisioningStyle = Automatic;
					};
				};
			};
			buildConfigurationList = F38D07171FB18B680061B097 /* Build configuration list for PBXProject "TradukiEditor" */;
			compatibilityVersion = "Xcode 8.0";
			developmentRegion = en;
			hasScannedForEncodings = 0;
			knownRegions = (
				en,
				Base,
			);
			mainGroup = F38D07131FB18B680061B097;
			productRefGroup = F38D071D1FB18B680061B097 /* Products */;
			projectDirPath = "";
			projectRoot = "";
			targets = (
				F38D071B1FB18B680061B097 /* TradukiEditor */,
			);
		};
/* End PBXProject section */

/* Begin PBXResourcesBuildPhase section */
		F38D071A1FB18B680061B097 /* Resources */ = {
			isa = PBXResourcesBuildPhase;
			buildActionMask = 2147483647;
			files = (
				F38D07261FB18B680061B097 /* Assets.xcassets in Resources */,
				F38D07291FB18B680061B097 /* Main.storyboard in Resources */,
			);
			runOnlyForDeploymentPostprocessing = 0;
		};
/* End PBXResourcesBuildPhase section */

/* Begin PBXShellScriptBuildPhase section */
		1FB422B9F89BE1688347427B /* [CP] Embed Pods Frameworks */ = {
			isa = PBXShellScriptBuildPhase;
			buildActionMask = 2147483647;
			files = (
			);
			inputPaths = (
				"${SRCROOT}/Pods/Target Support Files/Pods-Project-TradukiEditor/Pods-Project-TradukiEditor-frameworks.sh",
				"${BUILT_PRODUCTS_DIR}/RxCocoa/RxCocoa.framework",
				"${BUILT_PRODUCTS_DIR}/RxSwift/RxSwift.framework",
				"${BUILT_PRODUCTS_DIR}/SwiftyJSON/SwiftyJSON.framework",
			);
			name = "[CP] Embed Pods Frameworks";
			outputPaths = (
				"${TARGET_BUILD_DIR}/${FRAMEWORKS_FOLDER_PATH}/RxCocoa.framework",
				"${TARGET_BUILD_DIR}/${FRAMEWORKS_FOLDER_PATH}/RxSwift.framework",
				"${TARGET_BUILD_DIR}/${FRAMEWORKS_FOLDER_PATH}/SwiftyJSON.framework",
			);
			runOnlyForDeploymentPostprocessing = 0;
			shellPath = /bin/sh;
			shellScript = "\"${SRCROOT}/Pods/Target Support Files/Pods-Project-TradukiEditor/Pods-Project-TradukiEditor-frameworks.sh\"\n";
			showEnvVarsInLog = 0;
		};
		2478B0EF3BDD6B66C68A9FA2 /* [CP] Copy Pods Resources */ = {
			isa = PBXShellScriptBuildPhase;
			buildActionMask = 2147483647;
			files = (
			);
			inputPaths = (
			);
			name = "[CP] Copy Pods Resources";
			outputPaths = (
			);
			runOnlyForDeploymentPostprocessing = 0;
			shellPath = /bin/sh;
			shellScript = "\"${SRCROOT}/Pods/Target Support Files/Pods-Project-TradukiEditor/Pods-Project-TradukiEditor-resources.sh\"\n";
			showEnvVarsInLog = 0;
		};
		755AEBA917DCA12F1F68EDB1 /* [CP] Check Pods Manifest.lock */ = {
			isa = PBXShellScriptBuildPhase;
			buildActionMask = 2147483647;
			files = (
			);
			inputPaths = (
				"${PODS_PODFILE_DIR_PATH}/Podfile.lock",
				"${PODS_ROOT}/Manifest.lock",
			);
			name = "[CP] Check Pods Manifest.lock";
			outputPaths = (
				"$(DERIVED_FILE_DIR)/Pods-Project-TradukiEditor-checkManifestLockResult.txt",
			);
			runOnlyForDeploymentPostprocessing = 0;
			shellPath = /bin/sh;
			shellScript = "diff \"${PODS_PODFILE_DIR_PATH}/Podfile.lock\" \"${PODS_ROOT}/Manifest.lock\" > /dev/null\nif [ $? != 0 ] ; then\n    # print error to STDERR\n    echo \"error: The sandbox is not in sync with the Podfile.lock. Run 'pod install' or update your CocoaPods installation.\" >&2\n    exit 1\nfi\n# This output is used by Xcode 'outputs' to avoid re-running this script phase.\necho \"SUCCESS\" > \"${SCRIPT_OUTPUT_FILE_0}\"\n";
			showEnvVarsInLog = 0;
		};
/* End PBXShellScriptBuildPhase section */

/* Begin PBXSourcesBuildPhase section */
		F38D07181FB18B680061B097 /* Sources */ = {
			isa = PBXSourcesBuildPhase;
			buildActionMask = 2147483647;
			files = (
				F34AC8FB1FBAB2D3009CE7E8 /* SwiftParser.swift in Sources */,
				F34AC8FE1FBAB2D3009CE7E8 /* ProjectManager.swift in Sources */,
				F34AC8F01FBAAB01009CE7E8 /* AppDelegate.swift in Sources */,
				F34AC8F71FBAB2D3009CE7E8 /* JSONReader.swift in Sources */,
				F34AC8FD1FBAB2D3009CE7E8 /* Translation.swift in Sources */,
				F34AC8F91FBAB2D3009CE7E8 /* KeyNode.swift in Sources */,
				F38D07221FB18B680061B097 /* ViewController.swift in Sources */,
				F34AC8F61FBAB2D3009CE7E8 /* Configuration.swift in Sources */,
				F34AC8FC1FBAB2D3009CE7E8 /* Traduki.swift in Sources */,
				F34AC8F81FBAB2D3009CE7E8 /* JSONWriter.swift in Sources */,
				F38D07241FB18B680061B097 /* Document.swift in Sources */,
				F34AC8FA1FBAB2D3009CE7E8 /* Protocols.swift in Sources */,
			);
			runOnlyForDeploymentPostprocessing = 0;
		};
/* End PBXSourcesBuildPhase section */

/* Begin PBXVariantGroup section */
		F38D07271FB18B680061B097 /* Main.storyboard */ = {
			isa = PBXVariantGroup;
			children = (
				F38D07281FB18B680061B097 /* Base */,
			);
			name = Main.storyboard;
			sourceTree = "<group>";
		};
/* End PBXVariantGroup section */

/* Begin XCBuildConfiguration section */
		F38D072C1FB18B680061B097 /* Debug */ = {
			isa = XCBuildConfiguration;
			buildSettings = {
				ALWAYS_SEARCH_USER_PATHS = NO;
				CLANG_ANALYZER_NONNULL = YES;
				CLANG_ANALYZER_NUMBER_OBJECT_CONVERSION = YES_AGGRESSIVE;
				CLANG_CXX_LANGUAGE_STANDARD = "gnu++14";
				CLANG_CXX_LIBRARY = "libc++";
				CLANG_ENABLE_MODULES = YES;
				CLANG_ENABLE_OBJC_ARC = YES;
				CLANG_WARN_BLOCK_CAPTURE_AUTORELEASING = YES;
				CLANG_WARN_BOOL_CONVERSION = YES;
				CLANG_WARN_COMMA = YES;
				CLANG_WARN_CONSTANT_CONVERSION = YES;
				CLANG_WARN_DIRECT_OBJC_ISA_USAGE = YES_ERROR;
				CLANG_WARN_DOCUMENTATION_COMMENTS = YES;
				CLANG_WARN_EMPTY_BODY = YES;
				CLANG_WARN_ENUM_CONVERSION = YES;
				CLANG_WARN_INFINITE_RECURSION = YES;
				CLANG_WARN_INT_CONVERSION = YES;
				CLANG_WARN_NON_LITERAL_NULL_CONVERSION = YES;
				CLANG_WARN_OBJC_LITERAL_CONVERSION = YES;
				CLANG_WARN_OBJC_ROOT_CLASS = YES_ERROR;
				CLANG_WARN_RANGE_LOOP_ANALYSIS = YES;
				CLANG_WARN_STRICT_PROTOTYPES = YES;
				CLANG_WARN_SUSPICIOUS_MOVE = YES;
				CLANG_WARN_UNGUARDED_AVAILABILITY = YES_AGGRESSIVE;
				CLANG_WARN_UNREACHABLE_CODE = YES;
				CLANG_WARN__DUPLICATE_METHOD_MATCH = YES;
				CODE_SIGN_IDENTITY = "Mac Developer";
				COPY_PHASE_STRIP = NO;
				DEBUG_INFORMATION_FORMAT = dwarf;
				ENABLE_STRICT_OBJC_MSGSEND = YES;
				ENABLE_TESTABILITY = YES;
				GCC_C_LANGUAGE_STANDARD = gnu11;
				GCC_DYNAMIC_NO_PIC = NO;
				GCC_NO_COMMON_BLOCKS = YES;
				GCC_OPTIMIZATION_LEVEL = 0;
				GCC_PREPROCESSOR_DEFINITIONS = (
					"DEBUG=1",
					"$(inherited)",
				);
				GCC_WARN_64_TO_32_BIT_CONVERSION = YES;
				GCC_WARN_ABOUT_RETURN_TYPE = YES_ERROR;
				GCC_WARN_UNDECLARED_SELECTOR = YES;
				GCC_WARN_UNINITIALIZED_AUTOS = YES_AGGRESSIVE;
				GCC_WARN_UNUSED_FUNCTION = YES;
				GCC_WARN_UNUSED_VARIABLE = YES;
				MACOSX_DEPLOYMENT_TARGET = 10.13;
				MTL_ENABLE_DEBUG_INFO = YES;
				ONLY_ACTIVE_ARCH = YES;
				SDKROOT = macosx;
				SWIFT_ACTIVE_COMPILATION_CONDITIONS = DEBUG;
				SWIFT_OPTIMIZATION_LEVEL = "-Onone";
			};
			name = Debug;
		};
		F38D072D1FB18B680061B097 /* Release */ = {
			isa = XCBuildConfiguration;
			buildSettings = {
				ALWAYS_SEARCH_USER_PATHS = NO;
				CLANG_ANALYZER_NONNULL = YES;
				CLANG_ANALYZER_NUMBER_OBJECT_CONVERSION = YES_AGGRESSIVE;
				CLANG_CXX_LANGUAGE_STANDARD = "gnu++14";
				CLANG_CXX_LIBRARY = "libc++";
				CLANG_ENABLE_MODULES = YES;
				CLANG_ENABLE_OBJC_ARC = YES;
				CLANG_WARN_BLOCK_CAPTURE_AUTORELEASING = YES;
				CLANG_WARN_BOOL_CONVERSION = YES;
				CLANG_WARN_COMMA = YES;
				CLANG_WARN_CONSTANT_CONVERSION = YES;
				CLANG_WARN_DIRECT_OBJC_ISA_USAGE = YES_ERROR;
				CLANG_WARN_DOCUMENTATION_COMMENTS = YES;
				CLANG_WARN_EMPTY_BODY = YES;
				CLANG_WARN_ENUM_CONVERSION = YES;
				CLANG_WARN_INFINITE_RECURSION = YES;
				CLANG_WARN_INT_CONVERSION = YES;
				CLANG_WARN_NON_LITERAL_NULL_CONVERSION = YES;
				CLANG_WARN_OBJC_LITERAL_CONVERSION = YES;
				CLANG_WARN_OBJC_ROOT_CLASS = YES_ERROR;
				CLANG_WARN_RANGE_LOOP_ANALYSIS = YES;
				CLANG_WARN_STRICT_PROTOTYPES = YES;
				CLANG_WARN_SUSPICIOUS_MOVE = YES;
				CLANG_WARN_UNGUARDED_AVAILABILITY = YES_AGGRESSIVE;
				CLANG_WARN_UNREACHABLE_CODE = YES;
				CLANG_WARN__DUPLICATE_METHOD_MATCH = YES;
				CODE_SIGN_IDENTITY = "Mac Developer";
				COPY_PHASE_STRIP = NO;
				DEBUG_INFORMATION_FORMAT = "dwarf-with-dsym";
				ENABLE_NS_ASSERTIONS = NO;
				ENABLE_STRICT_OBJC_MSGSEND = YES;
				GCC_C_LANGUAGE_STANDARD = gnu11;
				GCC_NO_COMMON_BLOCKS = YES;
				GCC_WARN_64_TO_32_BIT_CONVERSION = YES;
				GCC_WARN_ABOUT_RETURN_TYPE = YES_ERROR;
				GCC_WARN_UNDECLARED_SELECTOR = YES;
				GCC_WARN_UNINITIALIZED_AUTOS = YES_AGGRESSIVE;
				GCC_WARN_UNUSED_FUNCTION = YES;
				GCC_WARN_UNUSED_VARIABLE = YES;
				MACOSX_DEPLOYMENT_TARGET = 10.13;
				MTL_ENABLE_DEBUG_INFO = NO;
				SDKROOT = macosx;
				SWIFT_OPTIMIZATION_LEVEL = "-Owholemodule";
			};
			name = Release;
		};
		F38D072F1FB18B680061B097 /* Debug */ = {
			isa = XCBuildConfiguration;
			baseConfigurationReference = 24BFC25495E314EC713D75F7 /* Pods-Project-TradukiEditor.debug.xcconfig */;
			buildSettings = {
				ALWAYS_EMBED_SWIFT_STANDARD_LIBRARIES = YES;
				ASSETCATALOG_COMPILER_APPICON_NAME = AppIcon;
				CODE_SIGN_ENTITLEMENTS = TradukiEditor/TradukiEditor.entitlements;
				CODE_SIGN_IDENTITY = "Mac Developer";
				CODE_SIGN_STYLE = Automatic;
				COMBINE_HIDPI_IMAGES = YES;
				DEVELOPMENT_TEAM = 7HDAS685HR;
				FRAMEWORK_SEARCH_PATHS = (
					"$(inherited)",
					"$(PROJECT_DIR)/Carthage/Build/Mac",
				);
				INFOPLIST_FILE = TradukiEditor/Info.plist;
				LD_RUNPATH_SEARCH_PATHS = "$(inherited) @executable_path/../Frameworks";
				PRODUCT_BUNDLE_IDENTIFIER = com.vergilchoi.TradukiEditor;
				PRODUCT_NAME = "$(TARGET_NAME)";
				PROVISIONING_PROFILE_SPECIFIER = "";
				SWIFT_VERSION = 4.0;
			};
			name = Debug;
		};
		F38D07301FB18B680061B097 /* Release */ = {
			isa = XCBuildConfiguration;
			baseConfigurationReference = 5210DBB8938CCB3270CA5C87 /* Pods-Project-TradukiEditor.release.xcconfig */;
			buildSettings = {
				ALWAYS_EMBED_SWIFT_STANDARD_LIBRARIES = YES;
				ASSETCATALOG_COMPILER_APPICON_NAME = AppIcon;
				CODE_SIGN_ENTITLEMENTS = TradukiEditor/TradukiEditor.entitlements;
				CODE_SIGN_IDENTITY = "Mac Developer";
				CODE_SIGN_STYLE = Automatic;
				COMBINE_HIDPI_IMAGES = YES;
				DEVELOPMENT_TEAM = 7HDAS685HR;
				FRAMEWORK_SEARCH_PATHS = (
					"$(inherited)",
					"$(PROJECT_DIR)/Carthage/Build/Mac",
				);
				INFOPLIST_FILE = TradukiEditor/Info.plist;
				LD_RUNPATH_SEARCH_PATHS = "$(inherited) @executable_path/../Frameworks";
				PRODUCT_BUNDLE_IDENTIFIER = com.vergilchoi.TradukiEditor;
				PRODUCT_NAME = "$(TARGET_NAME)";
				PROVISIONING_PROFILE_SPECIFIER = "";
				SWIFT_VERSION = 4.0;
			};
			name = Release;
		};
/* End XCBuildConfiguration section */

/* Begin XCConfigurationList section */
		F38D07171FB18B680061B097 /* Build configuration list for PBXProject "TradukiEditor" */ = {
			isa = XCConfigurationList;
			buildConfigurations = (
				F38D072C1FB18B680061B097 /* Debug */,
				F38D072D1FB18B680061B097 /* Release */,
			);
			defaultConfigurationIsVisible = 0;
			defaultConfigurationName = Release;
		};
		F38D072E1FB18B680061B097 /* Build configuration list for PBXNativeTarget "TradukiEditor" */ = {
			isa = XCConfigurationList;
			buildConfigurations = (
				F38D072F1FB18B680061B097 /* Debug */,
				F38D07301FB18B680061B097 /* Release */,
			);
			defaultConfigurationIsVisible = 0;
			defaultConfigurationName = Release;
		};
/* End XCConfigurationList section */
	};
	rootObject = F38D07141FB18B680061B097 /* Project object */;
}
